
Microsoft Visual Studio Solution File, Format Version 12.00
Project("{FAE04EC0-301F-11D3-BF4B-00C04F79EFBC}") = "ResourceDemo", "ResourceDemo.csproj", "{BA5D45ED-BC91-4AAC-B062-8EAD32DBB022}"
EndProject
Global
	GlobalSection(SolutionConfigurationPlatforms) = preSolution
		Debug|Any CPU = Debug|Any CPU
		Release|Any CPU = Release|Any CPU
	EndGlobalSection
	GlobalSection(ProjectConfigurationPlatforms) = postSolution
		{BA5D45ED-BC91-4AAC-B062-8EAD32DBB022}.Debug|Any CPU.ActiveCfg = Debug|Any CPU
		{BA5D45ED-BC91-4AAC-B062-8EAD32DBB022}.Debug|Any CPU.Build.0 = Debug|Any CPU
		{BA5D45ED-BC91-4AAC-B062-8EAD32DBB022}.Release|Any CPU.ActiveCfg = Release|Any CPU
		{BA5D45ED-BC91-4AAC-B062-8EAD32DBB022}.Release|Any CPU.Build.0 = Release|Any CPU
	EndGlobalSection
EndGlobal
